{
  "name": "question3",
  "version": "1.0.0",
  "lockfileVersion": 3,
  "requires": true,
  "packages": {
    "": {
      "name": "question3",
      "version": "1.0.0",
      "license": "ISC",
      "dependencies": {
        "random-cat-img": "^1.1.5"
      },
      "devDependencies": {}
    },
    "node_modules/random-cat-img": {
      "version": "1.1.5",
      "resolved": "https://registry.npmjs.org/random-cat-img/-/random-cat-img-1.1.5.tgz",
      "integrity": "sha512-TtuS/wEmElJUcnmhj2uPoBvTGnyl/+L5kb0Ar5jdhJLu7aZPimJQ6ZSRp7F8Vir+afV2HnKX8hIqJrImr7iwqg=="
    }
  }
}
